
Microsoft Visual Studio Solution File, Format Version 12.00
# Visual Studio Version 17
VisualStudioVersion = 17.11.35312.102
MinimumVisualStudioVersion = 10.0.40219.1
Project("{FAE04EC0-301F-11D3-BF4B-00C04F79EFBC}") = "Ej8_TextBlock y Label", "Ej8_TextBlock y Label\Ej8_TextBlock y Label.csproj", "{132272BC-BCFF-44C9-8CCB-10FD9C84CE3E}"
EndProject
Global
	GlobalSection(SolutionConfigurationPlatforms) = preSolution
		Debug|Any CPU = Debug|Any CPU
		Release|Any CPU = Release|Any CPU
	EndGlobalSection
	GlobalSection(ProjectConfigurationPlatforms) = postSolution
		{132272BC-BCFF-44C9-8CCB-10FD9C84CE3E}.Debug|Any CPU.ActiveCfg = Debug|Any CPU
		{132272BC-BCFF-44C9-8CCB-10FD9C84CE3E}.Debug|Any CPU.Build.0 = Debug|Any CPU
		{132272BC-BCFF-44C9-8CCB-10FD9C84CE3E}.Release|Any CPU.ActiveCfg = Release|Any CPU
		{132272BC-BCFF-44C9-8CCB-10FD9C84CE3E}.Release|Any CPU.Build.0 = Release|Any CPU
	EndGlobalSection
	GlobalSection(SolutionProperties) = preSolution
		HideSolutionNode = FALSE
	EndGlobalSection
	GlobalSection(ExtensibilityGlobals) = postSolution
		SolutionGuid = {08347222-BC08-460F-969F-A19800FA794F}
	EndGlobalSection
EndGlobal
